
Microsoft Visual Studio Solution File, Format Version 12.00
# Visual Studio 15
Project("{FAE04EC0-301F-11D3-BF4B-00C04F79EFBC}") = "Assembly-CSharp", "Assembly-CSharp.csproj", "{59D3F5BC-8A82-D188-9483-D3FF77BDA6B4}"
EndProject
Project("{FAE04EC0-301F-11D3-BF4B-00C04F79EFBC}") = "Assembly-CSharp-firstpass", "Assembly-CSharp-firstpass.csproj", "{A692AB76-39E2-C847-92F6-016FB64EF8FA}"
EndProject
Project("{FAE04EC0-301F-11D3-BF4B-00C04F79EFBC}") = "Assembly-CSharp-Editor", "Assembly-CSharp-Editor.csproj", "{931F2ABD-3FC7-659D-82E7-149CE9968319}"
EndProject
Global
	GlobalSection(SolutionConfigurationPlatforms) = preSolution
		Debug|Any CPU = Debug|Any CPU
		Release|Any CPU = Release|Any CPU
	EndGlobalSection
	GlobalSection(ProjectConfigurationPlatforms) = postSolution
		{59D3F5BC-8A82-D188-9483-D3FF77BDA6B4}.Debug|Any CPU.ActiveCfg = Debug|Any CPU
		{59D3F5BC-8A82-D188-9483-D3FF77BDA6B4}.Debug|Any CPU.Build.0 = Debug|Any CPU
		{59D3F5BC-8A82-D188-9483-D3FF77BDA6B4}.Release|Any CPU.ActiveCfg = Release|Any CPU
		{59D3F5BC-8A82-D188-9483-D3FF77BDA6B4}.Release|Any CPU.Build.0 = Release|Any CPU
		{A692AB76-39E2-C847-92F6-016FB64EF8FA}.Debug|Any CPU.ActiveCfg = Debug|Any CPU
		{A692AB76-39E2-C847-92F6-016FB64EF8FA}.Debug|Any CPU.Build.0 = Debug|Any CPU
		{A692AB76-39E2-C847-92F6-016FB64EF8FA}.Release|Any CPU.ActiveCfg = Release|Any CPU
		{A692AB76-39E2-C847-92F6-016FB64EF8FA}.Release|Any CPU.Build.0 = Release|Any CPU
		{931F2ABD-3FC7-659D-82E7-149CE9968319}.Debug|Any CPU.ActiveCfg = Debug|Any CPU
		{931F2ABD-3FC7-659D-82E7-149CE9968319}.Debug|Any CPU.Build.0 = Debug|Any CPU
		{931F2ABD-3FC7-659D-82E7-149CE9968319}.Release|Any CPU.ActiveCfg = Release|Any CPU
		{931F2ABD-3FC7-659D-82E7-149CE9968319}.Release|Any CPU.Build.0 = Release|Any CPU
	EndGlobalSection
	GlobalSection(SolutionProperties) = preSolution
		HideSolutionNode = FALSE
	EndGlobalSection
EndGlobal
